
Microsoft Visual Studio Solution File, Format Version 12.00
# Visual Studio Version 16
VisualStudioVersion = 16.0.29926.136
MinimumVisualStudioVersion = 10.0.40219.1
Project("{9A19103F-16F7-4668-BE54-9A1E7A4F7556}") = "Store_Core_Web_Exam", "Store_Core_Web_Exam\Store_Core_Web_Exam.csproj", "{C59A80C3-1B9D-42C8-8F99-90F4E6D5CB00}"
EndProject
Global
	GlobalSection(SolutionConfigurationPlatforms) = preSolution
		Debug|Any CPU = Debug|Any CPU
		Release|Any CPU = Release|Any CPU
	EndGlobalSection
	GlobalSection(ProjectConfigurationPlatforms) = postSolution
		{C59A80C3-1B9D-42C8-8F99-90F4E6D5CB00}.Debug|Any CPU.ActiveCfg = Debug|Any CPU
		{C59A80C3-1B9D-42C8-8F99-90F4E6D5CB00}.Debug|Any CPU.Build.0 = Debug|Any CPU
		{C59A80C3-1B9D-42C8-8F99-90F4E6D5CB00}.Release|Any CPU.ActiveCfg = Release|Any CPU
		{C59A80C3-1B9D-42C8-8F99-90F4E6D5CB00}.Release|Any CPU.Build.0 = Release|Any CPU
	EndGlobalSection
	GlobalSection(SolutionProperties) = preSolution
		HideSolutionNode = FALSE
	EndGlobalSection
	GlobalSection(ExtensibilityGlobals) = postSolution
		SolutionGuid = {F5D10915-6183-4330-B546-6EDCAED1B1DD}
	EndGlobalSection
EndGlobal
